
Microsoft Visual Studio Solution File, Format Version 12.00
Project("{FAE04EC0-301F-11D3-BF4B-00C04F79EFBC}") = "InstaFollowersOverseer", "InstaFollowersOverseer.csproj", "{719B7EEE-E269-40FF-8C88-A2AD72DDEBC0}"
EndProject
Project("{FAE04EC0-301F-11D3-BF4B-00C04F79EFBC}") = "DTLib", "..\DTLib\DTLib\DTLib.csproj", "{16DB4211-CCA7-403D-AE66-10A02FD09780}"
EndProject
Project("{FAE04EC0-301F-11D3-BF4B-00C04F79EFBC}") = "DTLib.Dtsod", "..\DTLib\DTLib.Dtsod\DTLib.Dtsod.csproj", "{C1425F7B-776D-45C5-B282-50892241B6E5}"
EndProject
Project("{FAE04EC0-301F-11D3-BF4B-00C04F79EFBC}") = "DTLib.Logging", "..\DTLib\DTLib.Logging\DTLib.Logging.csproj", "{B823331A-924B-4F5B-9070-BFFA93DE9E62}"
EndProject
Global
	GlobalSection(SolutionConfigurationPlatforms) = preSolution
		Debug|Any CPU = Debug|Any CPU
		Release|Any CPU = Release|Any CPU
	EndGlobalSection
	GlobalSection(ProjectConfigurationPlatforms) = postSolution
		{719B7EEE-E269-40FF-8C88-A2AD72DDEBC0}.Debug|Any CPU.ActiveCfg = Debug|Any CPU
		{719B7EEE-E269-40FF-8C88-A2AD72DDEBC0}.Debug|Any CPU.Build.0 = Debug|Any CPU
		{719B7EEE-E269-40FF-8C88-A2AD72DDEBC0}.Release|Any CPU.ActiveCfg = Release|Any CPU
		{719B7EEE-E269-40FF-8C88-A2AD72DDEBC0}.Release|Any CPU.Build.0 = Release|Any CPU
		{16DB4211-CCA7-403D-AE66-10A02FD09780}.Debug|Any CPU.ActiveCfg = Debug|Any CPU
		{16DB4211-CCA7-403D-AE66-10A02FD09780}.Debug|Any CPU.Build.0 = Debug|Any CPU
		{16DB4211-CCA7-403D-AE66-10A02FD09780}.Release|Any CPU.ActiveCfg = Release|Any CPU
		{16DB4211-CCA7-403D-AE66-10A02FD09780}.Release|Any CPU.Build.0 = Release|Any CPU
		{C1425F7B-776D-45C5-B282-50892241B6E5}.Debug|Any CPU.ActiveCfg = Debug|Any CPU
		{C1425F7B-776D-45C5-B282-50892241B6E5}.Debug|Any CPU.Build.0 = Debug|Any CPU
		{C1425F7B-776D-45C5-B282-50892241B6E5}.Release|Any CPU.ActiveCfg = Release|Any CPU
		{C1425F7B-776D-45C5-B282-50892241B6E5}.Release|Any CPU.Build.0 = Release|Any CPU
		{B823331A-924B-4F5B-9070-BFFA93DE9E62}.Debug|Any CPU.ActiveCfg = Debug|Any CPU
		{B823331A-924B-4F5B-9070-BFFA93DE9E62}.Debug|Any CPU.Build.0 = Debug|Any CPU
		{B823331A-924B-4F5B-9070-BFFA93DE9E62}.Release|Any CPU.ActiveCfg = Release|Any CPU
		{B823331A-924B-4F5B-9070-BFFA93DE9E62}.Release|Any CPU.Build.0 = Release|Any CPU
	EndGlobalSection
EndGlobal
